github.com/bamiaux/rez v0.0.0-20170731184118-29f4463c688b/go.mod h1:obBQGGIFbbv9KWg92Qu9UHeD94JXmHD1jovY/z6I3O8=
github.com/beevik/etree v1.1.0 h1:T0xke/WvNtMoCqgzPhkX2r4rjY3GDZFi+FjpRZY2Jbs=
github.com/beevik/etree v1.1.0/go.mod h1:r8Aw8JqVegEf0w2fDnATrX9VpkMcyFeM0FhwO62wh+A=
github.com/hexops/gotextdiff v1.0.3/go.mod h1:pSWU5MAI3yDq+fZBTazCSJysOMbxWL1BSow5/V2vxeg=
github.com/kr/smartypants v0.1.0 h1:Sn8hn5XrY+uXrxSWUdcr621Gfpk11mOGGVs4XX06kEw=
github.com/kr/smartypants v0.1.0/go.mod h1:EcTX9ge+SWNaGwbQvHwNICsMGavh98FLUqyOWFr+j9c=
github.com/mattn/go-sqlite3 v1.14.9/go.mod h1:NyWgC/yNuGj7Q9rpYnZvas74GogHl5/Z4A/KQRfk6bU=
github.com/pgaskin/kepubify/_/go116-zip.go117 v0.0.0-20210611152744-2d89b3182523 h1:pYGj3rKTy+TDs5Z707kT+ztjoIDCy76lc2UPkZocAFM=
github.com/pgaskin/kepubify/_/go116-zip.go117 v0.0.0-20210611152744-2d89b3182523/go.mod h1:FNMbV/TSSnhqyzjq8jsS+VD0o/gwpuCH0dh8G1uQ/fw=
github.com/pgaskin/kepubify/_/html v0.0.0-20211223234002-6ee2cc632cdc h1:mJk4TIXTO+JmxgHJ5iyil42PLQJWkyaKB/qNcjJU6h4=
github.com/pgaskin/kepubify/_/html v0.0.0-20211223234002-6ee2cc632cdc/go.mod h1:fxzoIpMFAReNKunZ+ttVbf3hNVrJGtrSZMI4olZizbs=
github.com/pgaskin/kepubify/v4 v4.0.3 h1:eo2IqjTSLFiK3k3+2G7D3O5bgQr2Mn1NGLpJCl07q3M=
github.com/pgaskin/kepubify/v4 v4.0.3/go.mod h1:oKjcnlcZyIFr+hdNxvj1qNjTHcBsMB7GVFHzcHRDdJs=
github.com/pgaskin/koboutils/v2 v2.1.1/go.mod h1:wTzkDIlsxmUyfwfspGcm0Ap+HOxSUYV0S8kMYrf+0gM=
github.com/spf13/pflag v1.0.5/go.mod h1:McXfInJRrz4CZXVZOBLb0bTZqETkiAhM9Iw0y3An2Bg=
golang.org/x/sync v0.0.0-20210220032951-036812b2e83c h1:5KslGYwFpkhGh+Q16bwMP3cOontH8FOep7tGV86Y7SQ=
golang.org/x/sync v0.0.0-20210220032951-036812b2e83c/go.mod h1:RxMgew5VJxzue5/jJTE5uejpjVlOe/izrB70Jof72aM=
golang.org/x/text v0.3.6 h1:aRYxNxv6iGQlyVaZmk6ZgYEDa+Jg18DxebPSrd6bg1M=
golang.org/x/text v0.3.6/go.mod h1:5Zoc/QRtKVWzQhOtBMvqHzDpF6irO9z98xDceosuGiQ=
golang.org/x/tools v0.0.0-20180917221912-90fa682c2a6e/go.mod h1:n7NCudcB/nEzxVGmLbDWY5pfWTLqBcC2KZ6jyYvM4mQ=
